# This file is automatically @generated by Cargo.
# It is not intended for manual editing.
[[package]]
name = "async-trait-ext"
version = "0.2.0"
dependencies = [
 "heck",
 "macro-compose",
 "macro-input",
 "proc-macro2",
 "quote",
 "syn",
]

[[package]]
name = "heck"
version = "0.3.1"
source = "registry+https://github.com/rust-lang/crates.io-index"
checksum = "20564e78d53d2bb135c343b3f47714a56af2061f1c928fdb541dc7b9fdd94205"
dependencies = [
 "unicode-segmentation",
]

[[package]]
name = "macro-compose"
version = "0.1.0"
source = "registry+https://github.com/rust-lang/crates.io-index"
checksum = "ddca99a446ba0d4532054c8f0885a3155d73f81eeaad86b3c0fd1a6f830bc819"
dependencies = [
 "proc-macro2",
 "quote",
 "syn",
]

[[package]]
name = "macro-input"
version = "0.1.0"
source = "registry+https://github.com/rust-lang/crates.io-index"
checksum = "6364cb388be2e5ba2d33e9efbeda25981993a0e6f190a027bd7a7a1417dace2b"
dependencies = [
 "macro-input-core",
 "macro-input-macros",
]

[[package]]
name = "macro-input-core"
version = "0.1.0"
source = "registry+https://github.com/rust-lang/crates.io-index"
checksum = "3bd6f1286a6ee78131a5a9ed3beb5040a80bde08e1eb79e6ea005aa3c3c7f529"
dependencies = [
 "macro-compose",
 "proc-macro2",
 "quote",
 "syn",
]

[[package]]
name = "macro-input-macros"
version = "0.1.0"
source = "registry+https://github.com/rust-lang/crates.io-index"
checksum = "1d05b2398dfbe34072a420070c117869f86815559bac2abac5e0f6162c66982f"
dependencies = [
 "heck",
 "macro-compose",
 "macro-input-core",
 "proc-macro2",
 "quote",
 "syn",
]

[[package]]
name = "proc-macro2"
version = "1.0.17"
source = "registry+https://github.com/rust-lang/crates.io-index"
checksum = "1502d12e458c49a4c9cbff560d0fe0060c252bc29799ed94ca2ed4bb665a0101"
dependencies = [
 "unicode-xid",
]

[[package]]
name = "quote"
version = "1.0.6"
source = "registry+https://github.com/rust-lang/crates.io-index"
checksum = "54a21852a652ad6f610c9510194f398ff6f8692e334fd1145fed931f7fbe44ea"
dependencies = [
 "proc-macro2",
]

[[package]]
name = "syn"
version = "1.0.27"
source = "registry+https://github.com/rust-lang/crates.io-index"
checksum = "ef781e621ee763a2a40721a8861ec519cb76966aee03bb5d00adb6a31dc1c1de"
dependencies = [
 "proc-macro2",
 "quote",
 "unicode-xid",
]

[[package]]
name = "unicode-segmentation"
version = "1.6.0"
source = "registry+https://github.com/rust-lang/crates.io-index"
checksum = "e83e153d1053cbb5a118eeff7fd5be06ed99153f00dbcd8ae310c5fb2b22edc0"

[[package]]
name = "unicode-xid"
version = "0.2.0"
source = "registry+https://github.com/rust-lang/crates.io-index"
checksum = "826e7639553986605ec5979c7dd957c7895e93eabed50ab2ffa7f6128a75097c"
